
Microsoft Visual Studio Solution File, Format Version 12.00
# Visual Studio Version 17
VisualStudioVersion = 17.11.35208.52
MinimumVisualStudioVersion = 10.0.40219.1
Project("{FAE04EC0-301F-11D3-BF4B-00C04F79EFBC}") = "Dental", "Dental\Dental.csproj", "{11BFDCF1-58E2-4F0A-A48B-E6350455FC28}"
EndProject
Global
	GlobalSection(SolutionConfigurationPlatforms) = preSolution
		Debug|Any CPU = Debug|Any CPU
		Release|Any CPU = Release|Any CPU
	EndGlobalSection
	GlobalSection(ProjectConfigurationPlatforms) = postSolution
		{11BFDCF1-58E2-4F0A-A48B-E6350455FC28}.Debug|Any CPU.ActiveCfg = Debug|Any CPU
		{11BFDCF1-58E2-4F0A-A48B-E6350455FC28}.Debug|Any CPU.Build.0 = Debug|Any CPU
		{11BFDCF1-58E2-4F0A-A48B-E6350455FC28}.Release|Any CPU.ActiveCfg = Release|Any CPU
		{11BFDCF1-58E2-4F0A-A48B-E6350455FC28}.Release|Any CPU.Build.0 = Release|Any CPU
	EndGlobalSection
	GlobalSection(SolutionProperties) = preSolution
		HideSolutionNode = FALSE
	EndGlobalSection
	GlobalSection(ExtensibilityGlobals) = postSolution
		SolutionGuid = {39D0FC5D-0DAC-4FCF-AA1B-69C55EA9529D}
	EndGlobalSection
EndGlobal
